
Microsoft Visual Studio Solution File, Format Version 12.00
# Visual Studio Version 16
VisualStudioVersion = 16.0.30611.23
MinimumVisualStudioVersion = 10.0.40219.1
Project("{9A19103F-16F7-4668-BE54-9A1E7A4F7556}") = "movieShop", "movieShop.csproj", "{0A1CD837-6589-403E-8783-715BD2B8D8A9}"
EndProject
Project("{9A19103F-16F7-4668-BE54-9A1E7A4F7556}") = "movieShop.Core", "..\movieShop.Core\movieShop.Core.csproj", "{2EB4781F-120F-4338-BE3C-83D3E6CA9F5F}"
EndProject
Project("{9A19103F-16F7-4668-BE54-9A1E7A4F7556}") = "movieShop.Infrastructure", "..\movieShop.Infrastructure\movieShop.Infrastructure.csproj", "{A5E35249-E8E4-4988-9031-2EE491E96758}"
EndProject
Project("{9A19103F-16F7-4668-BE54-9A1E7A4F7556}") = "movieShop.UnitTest", "..\movieShop.UnitTest\movieShop.UnitTest.csproj", "{A82B155B-5658-437E-BCF2-D87A86961F73}"
EndProject
Project("{FAE04EC0-301F-11D3-BF4B-00C04F79EFBC}") = "movieShop.API", "..\movieShop.API\movieShop.API.csproj", "{D1053FEE-D600-44EC-B20F-130800A2CFA0}"
EndProject
Global
	GlobalSection(SolutionConfigurationPlatforms) = preSolution
		Debug|Any CPU = Debug|Any CPU
		Release|Any CPU = Release|Any CPU
	EndGlobalSection
	GlobalSection(ProjectConfigurationPlatforms) = postSolution
		{0A1CD837-6589-403E-8783-715BD2B8D8A9}.Debug|Any CPU.ActiveCfg = Debug|Any CPU
		{0A1CD837-6589-403E-8783-715BD2B8D8A9}.Debug|Any CPU.Build.0 = Debug|Any CPU
		{0A1CD837-6589-403E-8783-715BD2B8D8A9}.Release|Any CPU.ActiveCfg = Release|Any CPU
		{0A1CD837-6589-403E-8783-715BD2B8D8A9}.Release|Any CPU.Build.0 = Release|Any CPU
		{2EB4781F-120F-4338-BE3C-83D3E6CA9F5F}.Debug|Any CPU.ActiveCfg = Debug|Any CPU
		{2EB4781F-120F-4338-BE3C-83D3E6CA9F5F}.Debug|Any CPU.Build.0 = Debug|Any CPU
		{2EB4781F-120F-4338-BE3C-83D3E6CA9F5F}.Release|Any CPU.ActiveCfg = Release|Any CPU
		{2EB4781F-120F-4338-BE3C-83D3E6CA9F5F}.Release|Any CPU.Build.0 = Release|Any CPU
		{A5E35249-E8E4-4988-9031-2EE491E96758}.Debug|Any CPU.ActiveCfg = Debug|Any CPU
		{A5E35249-E8E4-4988-9031-2EE491E96758}.Debug|Any CPU.Build.0 = Debug|Any CPU
		{A5E35249-E8E4-4988-9031-2EE491E96758}.Release|Any CPU.ActiveCfg = Release|Any CPU
		{A5E35249-E8E4-4988-9031-2EE491E96758}.Release|Any CPU.Build.0 = Release|Any CPU
		{A82B155B-5658-437E-BCF2-D87A86961F73}.Debug|Any CPU.ActiveCfg = Debug|Any CPU
		{A82B155B-5658-437E-BCF2-D87A86961F73}.Debug|Any CPU.Build.0 = Debug|Any CPU
		{A82B155B-5658-437E-BCF2-D87A86961F73}.Release|Any CPU.ActiveCfg = Release|Any CPU
		{A82B155B-5658-437E-BCF2-D87A86961F73}.Release|Any CPU.Build.0 = Release|Any CPU
		{D1053FEE-D600-44EC-B20F-130800A2CFA0}.Debug|Any CPU.ActiveCfg = Debug|Any CPU
		{D1053FEE-D600-44EC-B20F-130800A2CFA0}.Debug|Any CPU.Build.0 = Debug|Any CPU
		{D1053FEE-D600-44EC-B20F-130800A2CFA0}.Release|Any CPU.ActiveCfg = Release|Any CPU
		{D1053FEE-D600-44EC-B20F-130800A2CFA0}.Release|Any CPU.Build.0 = Release|Any CPU
	EndGlobalSection
	GlobalSection(SolutionProperties) = preSolution
		HideSolutionNode = FALSE
	EndGlobalSection
	GlobalSection(ExtensibilityGlobals) = postSolution
		SolutionGuid = {2678BDEA-1730-4184-814F-802E4B8D9D8D}
	EndGlobalSection
EndGlobal
